{
    "_meta": {
        "hash": {
            "sha256": "7e4cc9fb1a1c24b22cc45804297968cbb471377c66228ed9287c09b644544e31"
        },
        "pipfile-spec": 6,
        "requires": {
            "python_version": "3.8"
        },
        "sources": [
            {
                "name": "pypi",
                "url": "https://pypi.org/simple",
                "verify_ssl": true
            }
        ]
    },
    "default": {
        "alembic": {
            "hashes": [
                "sha256:29be0856ec7591c39f4e1cb10f198045d890e6e2274cf8da80cb5e721a09642b",
                "sha256:4961248173ead7ce8a21efb3de378f13b8398e6630fab0eb258dc74a8af24c58"
            ],
            "index": "pypi",
            "version": "==1.7.7"
        },
        "aniso8601": {
            "hashes": [
                "sha256:513d2b6637b7853806ae79ffaca6f3e8754bdd547048f5ccc1420aec4b714f1e",
                "sha256:d10a4bf949f619f719b227ef5386e31f49a2b6d453004b21f02661ccc8670c7b"
            ],
            "version": "==7.0.0"
        },
        "awscli": {
            "hashes": [
                "sha256:2120b7d89721469483551e0f010a16c423bb27b6b28e69e18b4d37e93f7ac01c",
                "sha256:f714e3648cf3670e0d39e528bc0d96781949e7f6dca76b2e526e980350d72c55"
            ],
            "index": "pypi",
            "version": "==1.22.97"
        },
        "boto3": {
            "hashes": [
                "sha256:895fb88c69be78f82cfee58a79c97a3ad8d4a2a1209041a411d7d6b9fc5393e4",
                "sha256:bcb541175a7d190dd919a0af0e807ee6e9d26f135551e741b10d94343f2d7588"
            ],
            "index": "pypi",
            "version": "==1.21.42"
        },
        "botocore": {
            "hashes": [
                "sha256:14aee41c8bf59d2dd2d89e8751fa37d3c95dcb92707d1966aa02697e914c1417",
                "sha256:a2baa9484bbaee96ef312c049b8e360badcab58329e487b57567644a571b5f4a"
            ],
            "markers": "python_version >= '3.6'",
            "version": "==1.24.42"
        },
        "click": {
            "hashes": [
                "sha256:7682dc8afb30297001674575ea00d1814d808d6a36af415a82bd481d37ba7b8e",
                "sha256:bb4d8133cb15a609f44e8213d9b391b0809795062913b383c62be0ee95b1db48"
            ],
            "markers": "python_version >= '3.7'",
            "version": "==8.1.3"
        },
        "colorama": {
            "hashes": [
                "sha256:7d73d2a99753107a36ac6b455ee49046802e59d9d076ef8e47b61499fa29afff",
                "sha256:e96da0d330793e2cb9485e9ddfd918d456036c7149416295932478192f4436a1"
            ],
            "markers": "python_version >= '2.7' and python_version not in '3.0, 3.1, 3.2, 3.3, 3.4'",
            "version": "==0.4.3"
        },
        "docutils": {
            "hashes": [
                "sha256:6c4f696463b79f1fb8ba0c594b63840ebd41f059e92b31957c46b74a4599b6d0",
                "sha256:9e4d7ecfc600058e07ba661411a2b7de2fd0fafa17d1a7f7361cd47b1175c827",
                "sha256:a2aeea129088da402665e92e0b25b04b073c04b2dce4ab65caaa38b7ce2e1a99"
            ],
            "markers": "python_version >= '2.6' and python_version not in '3.0, 3.1, 3.2, 3.3'",
            "version": "==0.15.2"
        },
        "flask": {
            "hashes": [
                "sha256:8a4cf32d904cf5621db9f0c9fbcd7efabf3003f22a04e4d0ce790c7137ec5264",
                "sha256:a8c9bd3e558ec99646d177a9739c41df1ded0629480b4c8d2975412f3c9519c8"
            ],
            "index": "pypi",
            "version": "==2.1.1"
        },
        "flask-cors": {
            "hashes": [
                "sha256:74efc975af1194fc7891ff5cd85b0f7478be4f7f59fe158102e91abb72bb4438",
                "sha256:b60839393f3b84a0f3746f6cdca56c1ad7426aa738b70d6c61375857823181de"
            ],
            "index": "pypi",
            "version": "==3.0.10"
        },
        "flask-graphql": {
            "hashes": [
                "sha256:825578c044df436cd74503a38bbd31c919a90acda5e9b6e0e45736964bc5235d"
            ],
            "index": "pypi",
            "version": "==2.0.1"
        },
        "flask-jwt-extended": {
            "hashes": [
                "sha256:ad6977b07c54e51c13b5981afc246868b9901a46715d9b9827898bfd916aae88",
                "sha256:c82c9e505bc96f4a5186de31c05262dbcde6fa10581e9aa46df8f99ca04be2c3"
            ],
            "index": "pypi",
            "version": "==4.3.1"
        },
        "flask-migrate": {
            "hashes": [
                "sha256:57d6060839e3a7f150eaab6fe4e726d9e3e7cffe2150fb223d73f92421c6d1d9",
                "sha256:a6498706241aba6be7a251078de9cf166d74307bca41a4ca3e403c9d39e2f897"
            ],
            "index": "pypi",
            "version": "==3.1.0"
        },
        "flask-sqlalchemy": {
            "hashes": [
                "sha256:2bda44b43e7cacb15d4e05ff3cc1f8bc97936cc464623424102bfc2c35e95912",
                "sha256:f12c3d4cc5cc7fdcc148b9527ea05671718c3ea45d50c7e732cceb33f574b390"
            ],
            "index": "pypi",
            "version": "==2.5.1"
        },
        "graphene": {
            "hashes": [
                "sha256:3d446eb1237c551052bc31155cf1a3a607053e4f58c9172b83a1b597beaa0868",
                "sha256:b9f2850e064eebfee9a3ef4a1f8aa0742848d97652173ab44c82cc8a62b9ed93"
            ],
            "version": "==2.1.9"
        },
        "graphene-sqlalchemy": {
            "hashes": [
                "sha256:2b1a9cf4ed44aec78140605f38061a79b51be5902400d10c3d19b2cf64046215",
                "sha256:97ed52bc0d01d757df50d25b5bdd490a2327778d41223d4e084d38a239925e8e"
            ],
            "index": "pypi",
            "version": "==2.3.0"
        },
        "graphql-core": {
            "hashes": [
                "sha256:44c9bac4514e5e30c5a595fac8e3c76c1975cae14db215e8174c7fe995825bad",
                "sha256:aac46a9ac524c9855910c14c48fc5d60474def7f99fd10245e76608eba7af746"
            ],
            "version": "==2.3.2"
        },
        "graphql-relay": {
            "hashes": [
                "sha256:870b6b5304123a38a0b215a79eace021acce5a466bf40cd39fa18cb8528afabb",
                "sha256:ac514cb86db9a43014d7e73511d521137ac12cf0101b2eaa5f0a3da2e10d913d"
            ],
            "version": "==2.0.1"
        },
        "graphql-server-core": {
            "hashes": [
                "sha256:04ee90da0322949f7b49ff6905688e3a21a9efbd5a7d7835997e431a0afdbd11"
            ],
            "version": "==1.2.0"
        },
        "greenlet": {
            "hashes": [
                "sha256:03a8f4f3430c3b3ff8d10a2a86028c660355ab637cee9333d63d66b56f09d52a",
                "sha256:0bf60faf0bc2468089bdc5edd10555bab6e85152191df713e2ab1fcc86382b5a",
                "sha256:18a7f18b82b52ee85322d7a7874e676f34ab319b9f8cce5de06067384aa8ff43",
                "sha256:18e98fb3de7dba1c0a852731c3070cf022d14f0d68b4c87a19cc1016f3bb8b33",
                "sha256:1a819eef4b0e0b96bb0d98d797bef17dc1b4a10e8d7446be32d1da33e095dbb8",
                "sha256:26fbfce90728d82bc9e6c38ea4d038cba20b7faf8a0ca53a9c07b67318d46088",
                "sha256:2780572ec463d44c1d3ae850239508dbeb9fed38e294c68d19a24d925d9223ca",
                "sha256:283737e0da3f08bd637b5ad058507e578dd462db259f7f6e4c5c365ba4ee9343",
                "sha256:2d4686f195e32d36b4d7cf2d166857dbd0ee9f3d20ae349b6bf8afc8485b3645",
                "sha256:2dd11f291565a81d71dab10b7033395b7a3a5456e637cf997a6f33ebdf06f8db",
                "sha256:30bcf80dda7f15ac77ba5af2b961bdd9dbc77fd4ac6105cee85b0d0a5fcf74df",
                "sha256:32e5b64b148966d9cccc2c8d35a671409e45f195864560829f395a54226408d3",
                "sha256:36abbf031e1c0f79dd5d596bfaf8e921c41df2bdf54ee1eed921ce1f52999a86",
                "sha256:3a06ad5312349fec0ab944664b01d26f8d1f05009566339ac6f63f56589bc1a2",
                "sha256:3a51c9751078733d88e013587b108f1b7a1fb106d402fb390740f002b6f6551a",
                "sha256:3c9b12575734155d0c09d6c3e10dbd81665d5c18e1a7c6597df72fd05990c8cf",
                "sha256:3f6ea9bd35eb450837a3d80e77b517ea5bc56b4647f5502cd28de13675ee12f7",
                "sha256:4b58adb399c4d61d912c4c331984d60eb66565175cdf4a34792cd9600f21b394",
                "sha256:4d2e11331fc0c02b6e84b0d28ece3a36e0548ee1a1ce9ddde03752d9b79bba40",
                "sha256:5454276c07d27a740c5892f4907c86327b632127dd9abec42ee62e12427ff7e3",
                "sha256:561091a7be172ab497a3527602d467e2b3fbe75f9e783d8b8ce403fa414f71a6",
                "sha256:6c3acb79b0bfd4fe733dff8bc62695283b57949ebcca05ae5c129eb606ff2d74",
                "sha256:703f18f3fda276b9a916f0934d2fb6d989bf0b4fb5a64825260eb9bfd52d78f0",
                "sha256:7492e2b7bd7c9b9916388d9df23fa49d9b88ac0640db0a5b4ecc2b653bf451e3",
                "sha256:76ae285c8104046b3a7f06b42f29c7b73f77683df18c49ab5af7983994c2dd91",
                "sha256:7cafd1208fdbe93b67c7086876f061f660cfddc44f404279c1585bbf3cdc64c5",
                "sha256:7efde645ca1cc441d6dc4b48c0f7101e8d86b54c8530141b09fd31cef5149ec9",
                "sha256:88d9ab96491d38a5ab7c56dd7a3cc37d83336ecc564e4e8816dbed12e5aaefc8",
                "sha256:8eab883b3b2a38cc1e050819ef06a7e6344d4a990d24d45bc6f2cf959045a45b",
                "sha256:910841381caba4f744a44bf81bfd573c94e10b3045ee00de0cbf436fe50673a6",
                "sha256:9190f09060ea4debddd24665d6804b995a9c122ef5917ab26e1566dcc712ceeb",
                "sha256:937e9020b514ceedb9c830c55d5c9872abc90f4b5862f89c0887033ae33c6f73",
                "sha256:94c817e84245513926588caf1152e3b559ff794d505555211ca041f032abbb6b",
                "sha256:971ce5e14dc5e73715755d0ca2975ac88cfdaefcaab078a284fea6cfabf866df",
                "sha256:9d14b83fab60d5e8abe587d51c75b252bcc21683f24699ada8fb275d7712f5a9",
                "sha256:9f35ec95538f50292f6d8f2c9c9f8a3c6540bbfec21c9e5b4b751e0a7c20864f",
                "sha256:a1846f1b999e78e13837c93c778dcfc3365902cfb8d1bdb7dd73ead37059f0d0",
                "sha256:acd2162a36d3de67ee896c43effcd5ee3de247eb00354db411feb025aa319857",
                "sha256:b0ef99cdbe2b682b9ccbb964743a6aca37905fda5e0452e5ee239b1654d37f2a",
                "sha256:b80f600eddddce72320dbbc8e3784d16bd3fb7b517e82476d8da921f27d4b249",
                "sha256:b864ba53912b6c3ab6bcb2beb19f19edd01a6bfcbdfe1f37ddd1778abfe75a30",
                "sha256:b9ec052b06a0524f0e35bd8790686a1da006bd911dd1ef7d50b77bfbad74e292",
                "sha256:ba2956617f1c42598a308a84c6cf021a90ff3862eddafd20c3333d50f0edb45b",
                "sha256:bdfea8c661e80d3c1c99ad7c3ff74e6e87184895bbaca6ee8cc61209f8b9b85d",
                "sha256:be4ed120b52ae4d974aa40215fcdfde9194d63541c7ded40ee12eb4dda57b76b",
                "sha256:c4302695ad8027363e96311df24ee28978162cdcdd2006476c43970b384a244c",
                "sha256:c48f54ef8e05f04d6eff74b8233f6063cb1ed960243eacc474ee73a2ea8573ca",
                "sha256:c9c59a2120b55788e800d82dfa99b9e156ff8f2227f07c5e3012a45a399620b7",
                "sha256:cd021c754b162c0fb55ad5d6b9d960db667faad0fa2ff25bb6e1301b0b6e6a75",
                "sha256:d27ec7509b9c18b6d73f2f5ede2622441de812e7b1a80bbd446cb0633bd3d5ae",
                "sha256:d5508f0b173e6aa47273bdc0a0b5ba055b59662ba7c7ee5119528f466585526b",
                "sha256:d75209eed723105f9596807495d58d10b3470fa6732dd6756595e89925ce2470",
                "sha256:db1a39669102a1d8d12b57de2bb7e2ec9066a6f2b3da35ae511ff93b01b5d564",
                "sha256:dbfcfc0218093a19c252ca8eb9aee3d29cfdcb586df21049b9d777fd32c14fd9",
                "sha256:e0f72c9ddb8cd28532185f54cc1453f2c16fb417a08b53a855c4e6a418edd099",
                "sha256:e7c8dc13af7db097bed64a051d2dd49e9f0af495c26995c00a9ee842690d34c0",
                "sha256:ea9872c80c132f4663822dd2a08d404073a5a9b5ba6155bea72fb2a79d1093b5",
                "sha256:eff4eb9b7eb3e4d0cae3d28c283dc16d9bed6b193c2e1ace3ed86ce48ea8df19",
                "sha256:f82d4d717d8ef19188687aa32b8363e96062911e63ba22a0cff7802a8e58e5f1",
                "sha256:fc3a569657468b6f3fb60587e48356fe512c1754ca05a564f11366ac9e306526"
            ],
            "markers": "python_version >= '3' and platform_machine == 'aarch64' or (platform_machine == 'ppc64le' or (platform_machine == 'x86_64' or (platform_machine == 'amd64' or (platform_machine == 'AMD64' or (platform_machine == 'win32' or platform_machine == 'WIN32')))))",
            "version": "==2.0.2"
        },
        "importlib-metadata": {
            "hashes": [
                "sha256:7efb448ec9a5e313a57655d35aa54cd3e01b7e1fbcf72dce1bf06119420f5bad",
                "sha256:e354bedeb60efa6affdcc8ae121b73544a7aa74156d047311948f6d711cd378d"
            ],
            "markers": "python_version < '3.10'",
            "version": "==6.0.0"
        },
        "importlib-resources": {
            "hashes": [
                "sha256:7d543798b0beca10b6a01ac7cafda9f822c54db9e8376a6bf57e0cbd74d486b6",
                "sha256:e4a96c8cc0339647ff9a5e0550d9f276fc5a01ffa276012b58ec108cfd7b8484"
            ],
            "markers": "python_version < '3.9'",
            "version": "==5.10.2"
        },
        "itsdangerous": {
            "hashes": [
                "sha256:2c2349112351b88699d8d4b6b075022c0808887cb7ad10069318a8b0bc88db44",
                "sha256:5dbbc68b317e5e42f327f9021763545dc3fc3bfe22e6deb96aaf1fc38874156a"
            ],
            "markers": "python_version >= '3.7'",
            "version": "==2.1.2"
        },
        "jinja2": {
            "hashes": [
                "sha256:31351a702a408a9e7595a8fc6150fc3f43bb6bf7e319770cbc0db9df9437e852",
                "sha256:6088930bfe239f0e6710546ab9c19c9ef35e29792895fed6e6e31a023a182a61"
            ],
            "markers": "python_version >= '3.7'",
            "version": "==3.1.2"
        },
        "jmespath": {
            "hashes": [
                "sha256:02e2e4cc71b5bcab88332eebf907519190dd9e6e82107fa7f83b1003a6252980",
                "sha256:90261b206d6defd58fdd5e85f478bf633a2901798906be2ad389150c5c60edbe"
            ],
            "markers": "python_version >= '3.7'",
            "version": "==1.0.1"
        },
        "mako": {
            "hashes": [
                "sha256:c97c79c018b9165ac9922ae4f32da095ffd3c4e6872b45eded42926deea46818",
                "sha256:d60a3903dc3bb01a18ad6a89cdbe2e4eadc69c0bc8ef1e3773ba53d44c3f7a34"
            ],
            "markers": "python_version >= '3.7'",
            "version": "==1.2.4"
        },
        "markupsafe": {
            "hashes": [
                "sha256:0576fe974b40a400449768941d5d0858cc624e3249dfd1e0c33674e5c7ca7aed",
                "sha256:085fd3201e7b12809f9e6e9bc1e5c96a368c8523fad5afb02afe3c051ae4afcc",
                "sha256:090376d812fb6ac5f171e5938e82e7f2d7adc2b629101cec0db8b267815c85e2",
                "sha256:0b462104ba25f1ac006fdab8b6a01ebbfbce9ed37fd37fd4acd70c67c973e460",
                "sha256:137678c63c977754abe9086a3ec011e8fd985ab90631145dfb9294ad09c102a7",
                "sha256:1bea30e9bf331f3fef67e0a3877b2288593c98a21ccb2cf29b74c581a4eb3af0",
                "sha256:22152d00bf4a9c7c83960521fc558f55a1adbc0631fbb00a9471e097b19d72e1",
                "sha256:22731d79ed2eb25059ae3df1dfc9cb1546691cc41f4e3130fe6bfbc3ecbbecfa",
                "sha256:2298c859cfc5463f1b64bd55cb3e602528db6fa0f3cfd568d3605c50678f8f03",
                "sha256:28057e985dace2f478e042eaa15606c7efccb700797660629da387eb289b9323",
                "sha256:2e7821bffe00aa6bd07a23913b7f4e01328c3d5cc0b40b36c0bd81d362faeb65",
                "sha256:2ec4f2d48ae59bbb9d1f9d7efb9236ab81429a764dedca114f5fdabbc3788013",
                "sha256:340bea174e9761308703ae988e982005aedf427de816d1afe98147668cc03036",
                "sha256:40627dcf047dadb22cd25ea7ecfe9cbf3bbbad0482ee5920b582f3809c97654f",
                "sha256:40dfd3fefbef579ee058f139733ac336312663c6706d1163b82b3003fb1925c4",
                "sha256:4cf06cdc1dda95223e9d2d3c58d3b178aa5dacb35ee7e3bbac10e4e1faacb419",
                "sha256:50c42830a633fa0cf9e7d27664637532791bfc31c731a87b202d2d8ac40c3ea2",
                "sha256:55f44b440d491028addb3b88f72207d71eeebfb7b5dbf0643f7c023ae1fba619",
                "sha256:608e7073dfa9e38a85d38474c082d4281f4ce276ac0010224eaba11e929dd53a",
                "sha256:63ba06c9941e46fa389d389644e2d8225e0e3e5ebcc4ff1ea8506dce646f8c8a",
                "sha256:65608c35bfb8a76763f37036547f7adfd09270fbdbf96608be2bead319728fcd",
                "sha256:665a36ae6f8f20a4676b53224e33d456a6f5a72657d9c83c2aa00765072f31f7",
                "sha256:6d6607f98fcf17e534162f0709aaad3ab7a96032723d8ac8750ffe17ae5a0666",
                "sha256:7313ce6a199651c4ed9d7e4cfb4aa56fe923b1adf9af3b420ee14e6d9a73df65",
                "sha256:7668b52e102d0ed87cb082380a7e2e1e78737ddecdde129acadb0eccc5423859",
                "sha256:7df70907e00c970c60b9ef2938d894a9381f38e6b9db73c5be35e59d92e06625",
                "sha256:7e007132af78ea9df29495dbf7b5824cb71648d7133cf7848a2a5dd00d36f9ff",
                "sha256:835fb5e38fd89328e9c81067fd642b3593c33e1e17e2fdbf77f5676abb14a156",
                "sha256:8bca7e26c1dd751236cfb0c6c72d4ad61d986e9a41bbf76cb445f69488b2a2bd",
                "sha256:8db032bf0ce9022a8e41a22598eefc802314e81b879ae093f36ce9ddf39ab1ba",
                "sha256:99625a92da8229df6d44335e6fcc558a5037dd0a760e11d84be2260e6f37002f",
                "sha256:9cad97ab29dfc3f0249b483412c85c8ef4766d96cdf9dcf5a1e3caa3f3661cf1",
                "sha256:a4abaec6ca3ad8660690236d11bfe28dfd707778e2442b45addd2f086d6ef094",
                "sha256:a6e40afa7f45939ca356f348c8e23048e02cb109ced1eb8420961b2f40fb373a",
                "sha256:a6f2fcca746e8d5910e18782f976489939d54a91f9411c32051b4aab2bd7c513",
                "sha256:a806db027852538d2ad7555b203300173dd1b77ba116de92da9afbc3a3be3eed",
                "sha256:abcabc8c2b26036d62d4c746381a6f7cf60aafcc653198ad678306986b09450d",
                "sha256:b8526c6d437855442cdd3d87eede9c425c4445ea011ca38d937db299382e6fa3",
                "sha256:bb06feb762bade6bf3c8b844462274db0c76acc95c52abe8dbed28ae3d44a147",
                "sha256:c0a33bc9f02c2b17c3ea382f91b4db0e6cde90b63b296422a939886a7a80de1c",
                "sha256:c4a549890a45f57f1ebf99c067a4ad0cb423a05544accaf2b065246827ed9603",
                "sha256:ca244fa73f50a800cf8c3ebf7fd93149ec37f5cb9596aa8873ae2c1d23498601",
                "sha256:cf877ab4ed6e302ec1d04952ca358b381a882fbd9d1b07cccbfd61783561f98a",
                "sha256:d9d971ec1e79906046aa3ca266de79eac42f1dbf3612a05dc9368125952bd1a1",
                "sha256:da25303d91526aac3672ee6d49a2f3db2d9502a4a60b55519feb1a4c7714e07d",
                "sha256:e55e40ff0cc8cc5c07996915ad367fa47da6b3fc091fdadca7f5403239c5fec3",
                "sha256:f03a532d7dee1bed20bc4884194a16160a2de9ffc6354b3878ec9682bb623c54",
                "sha256:f1cd098434e83e656abf198f103a8207a8187c0fc110306691a2e94a78d0abb2",
                "sha256:f2bfb563d0211ce16b63c7cb9395d2c682a23187f54c3d79bfec33e6705473c6",
                "sha256:f8ffb705ffcf5ddd0e80b65ddf7bed7ee4f5a441ea7d3419e861a12eaf41af58"
            ],
            "markers": "python_version >= '3.7'",
            "version": "==2.1.2"
        },
        "promise": {
            "hashes": [
                "sha256:dfd18337c523ba4b6a58801c164c1904a9d4d1b1747c7d5dbf45b693a49d93d0"
            ],
            "version": "==2.3"
        },
        "psycopg2-binary": {
            "hashes": [
                "sha256:01310cf4cf26db9aea5158c217caa92d291f0500051a6469ac52166e1a16f5b7",
                "sha256:083a55275f09a62b8ca4902dd11f4b33075b743cf0d360419e2051a8a5d5ff76",
                "sha256:090f3348c0ab2cceb6dfbe6bf721ef61262ddf518cd6cc6ecc7d334996d64efa",
                "sha256:0a29729145aaaf1ad8bafe663131890e2111f13416b60e460dae0a96af5905c9",
                "sha256:0c9d5450c566c80c396b7402895c4369a410cab5a82707b11aee1e624da7d004",
                "sha256:10bb90fb4d523a2aa67773d4ff2b833ec00857f5912bafcfd5f5414e45280fb1",
                "sha256:12b11322ea00ad8db8c46f18b7dfc47ae215e4df55b46c67a94b4effbaec7094",
                "sha256:152f09f57417b831418304c7f30d727dc83a12761627bb826951692cc6491e57",
                "sha256:15803fa813ea05bef089fa78835118b5434204f3a17cb9f1e5dbfd0b9deea5af",
                "sha256:15c4e4cfa45f5a60599d9cec5f46cd7b1b29d86a6390ec23e8eebaae84e64554",
                "sha256:183a517a3a63503f70f808b58bfbf962f23d73b6dccddae5aa56152ef2bcb232",
                "sha256:1f14c8b0942714eb3c74e1e71700cbbcb415acbc311c730370e70c578a44a25c",
                "sha256:1f6b813106a3abdf7b03640d36e24669234120c72e91d5cbaeb87c5f7c36c65b",
                "sha256:280b0bb5cbfe8039205c7981cceb006156a675362a00fe29b16fbc264e242834",
                "sha256:2d872e3c9d5d075a2e104540965a1cf898b52274a5923936e5bfddb58c59c7c2",
                "sha256:2f2534ab7dc7e776a263b463a16e189eb30e85ec9bbe1bff9e78dae802608932",
                "sha256:2f9ffd643bc7349eeb664eba8864d9e01f057880f510e4681ba40a6532f93c71",
                "sha256:3303f8807f342641851578ee7ed1f3efc9802d00a6f83c101d21c608cb864460",
                "sha256:35168209c9d51b145e459e05c31a9eaeffa9a6b0fd61689b48e07464ffd1a83e",
                "sha256:3a79d622f5206d695d7824cbf609a4f5b88ea6d6dab5f7c147fc6d333a8787e4",
                "sha256:404224e5fef3b193f892abdbf8961ce20e0b6642886cfe1fe1923f41aaa75c9d",
                "sha256:46f0e0a6b5fa5851bbd9ab1bc805eef362d3a230fbdfbc209f4a236d0a7a990d",
                "sha256:47133f3f872faf28c1e87d4357220e809dfd3fa7c64295a4a148bcd1e6e34ec9",
                "sha256:526ea0378246d9b080148f2d6681229f4b5964543c170dd10bf4faaab6e0d27f",
                "sha256:53293533fcbb94c202b7c800a12c873cfe24599656b341f56e71dd2b557be063",
                "sha256:539b28661b71da7c0e428692438efbcd048ca21ea81af618d845e06ebfd29478",
                "sha256:57804fc02ca3ce0dbfbef35c4b3a4a774da66d66ea20f4bda601294ad2ea6092",
                "sha256:63638d875be8c2784cfc952c9ac34e2b50e43f9f0a0660b65e2a87d656b3116c",
                "sha256:6472a178e291b59e7f16ab49ec8b4f3bdada0a879c68d3817ff0963e722a82ce",
                "sha256:68641a34023d306be959101b345732360fc2ea4938982309b786f7be1b43a4a1",
                "sha256:6e82d38390a03da28c7985b394ec3f56873174e2c88130e6966cb1c946508e65",
                "sha256:761df5313dc15da1502b21453642d7599d26be88bff659382f8f9747c7ebea4e",
                "sha256:7af0dd86ddb2f8af5da57a976d27cd2cd15510518d582b478fbb2292428710b4",
                "sha256:7b1e9b80afca7b7a386ef087db614faebbf8839b7f4db5eb107d0f1a53225029",
                "sha256:874a52ecab70af13e899f7847b3e074eeb16ebac5615665db33bce8a1009cf33",
                "sha256:887dd9aac71765ac0d0bac1d0d4b4f2c99d5f5c1382d8b770404f0f3d0ce8a39",
                "sha256:8b344adbb9a862de0c635f4f0425b7958bf5a4b927c8594e6e8d261775796d53",
                "sha256:8fc53f9af09426a61db9ba357865c77f26076d48669f2e1bb24d85a22fb52307",
                "sha256:91920527dea30175cc02a1099f331aa8c1ba39bf8b7762b7b56cbf54bc5cce42",
                "sha256:93cd1967a18aa0edd4b95b1dfd554cf15af657cb606280996d393dadc88c3c35",
                "sha256:99485cab9ba0fa9b84f1f9e1fef106f44a46ef6afdeec8885e0b88d0772b49e8",
                "sha256:9d29409b625a143649d03d0fd7b57e4b92e0ecad9726ba682244b73be91d2fdb",
                "sha256:a29b3ca4ec9defec6d42bf5feb36bb5817ba3c0230dd83b4edf4bf02684cd0ae",
                "sha256:a9e1f75f96ea388fbcef36c70640c4efbe4650658f3d6a2967b4cc70e907352e",
                "sha256:accfe7e982411da3178ec690baaceaad3c278652998b2c45828aaac66cd8285f",
                "sha256:adf20d9a67e0b6393eac162eb81fb10bc9130a80540f4df7e7355c2dd4af9fba",
                "sha256:af9813db73395fb1fc211bac696faea4ca9ef53f32dc0cfa27e4e7cf766dcf24",
                "sha256:b1c8068513f5b158cf7e29c43a77eb34b407db29aca749d3eb9293ee0d3103ca",
                "sha256:b3a24a1982ae56461cc24f6680604fffa2c1b818e9dc55680da038792e004d18",
                "sha256:bda845b664bb6c91446ca9609fc69f7db6c334ec5e4adc87571c34e4f47b7ddb",
                "sha256:c381bda330ddf2fccbafab789d83ebc6c53db126e4383e73794c74eedce855ef",
                "sha256:c3ae8e75eb7160851e59adc77b3a19a976e50622e44fd4fd47b8b18208189d42",
                "sha256:d1c1b569ecafe3a69380a94e6ae09a4789bbb23666f3d3a08d06bbd2451f5ef1",
                "sha256:def68d7c21984b0f8218e8a15d514f714d96904265164f75f8d3a70f9c295667",
                "sha256:dffc08ca91c9ac09008870c9eb77b00a46b3378719584059c034b8945e26b272",
                "sha256:e3699852e22aa68c10de06524a3721ade969abf382da95884e6a10ff798f9281",
                "sha256:e6aa71ae45f952a2205377773e76f4e3f27951df38e69a4c95440c779e013560",
                "sha256:e847774f8ffd5b398a75bc1c18fbb56564cda3d629fe68fd81971fece2d3c67e",
                "sha256:ffb7a888a047696e7f8240d649b43fb3644f14f0ee229077e7f6b9f9081635bd"
            ],
            "index": "pypi",
            "version": "==2.9.3"
        },
        "pyasn1": {
            "hashes": [
                "sha256:014c0e9976956a08139dc0712ae195324a75e142284d5f87f1a87ee1b068a359",
                "sha256:03840c999ba71680a131cfaee6fab142e1ed9bbd9c693e285cc6aca0d555e576",
                "sha256:0458773cfe65b153891ac249bcf1b5f8f320b7c2ce462151f8fa74de8934becf",
                "sha256:08c3c53b75eaa48d71cf8c710312316392ed40899cb34710d092e96745a358b7",
                "sha256:39c7e2ec30515947ff4e87fb6f456dfc6e84857d34be479c9d4a4ba4bf46aa5d",
                "sha256:5c9414dcfede6e441f7e8f81b43b34e834731003427e5b09e4e00e3172a10f00",
                "sha256:6e7545f1a61025a4e58bb336952c5061697da694db1cae97b116e9c46abcf7c8",
                "sha256:78fa6da68ed2727915c4767bb386ab32cdba863caa7dbe473eaae45f9959da86",
                "sha256:7ab8a544af125fb704feadb008c99a88805126fb525280b2270bb25cc1d78a12",
                "sha256:99fcc3c8d804d1bc6d9a099921e39d827026409a58f2a720dcdb89374ea0c776",
                "sha256:aef77c9fb94a3ac588e87841208bdec464471d9871bd5050a287cc9a475cd0ba",
                "sha256:e89bf84b5437b532b0803ba5c9a5e054d21fec423a89952a74f87fa2c9b7bce2",
                "sha256:fec3e9d8e36808a28efb59b489e4528c10ad0f480e57dcc32b4de5c9d8c9fdf3"
            ],
            "version": "==0.4.8"
        },
        "pyjwt": {
            "hashes": [
                "sha256:b888b4d56f06f6dcd777210c334e69c737be74755d3e5e9ee3fe67dc18a0ee41",
                "sha256:e0c4bb8d9f0af0c7f5b1ec4c5036309617d03d56932877f2f7a0beeb5318322f"
            ],
            "index": "pypi",
            "version": "==2.3.0"
        },
        "python-dateutil": {
            "hashes": [
                "sha256:0123cacc1627ae19ddf3c27a5de5bd67ee4586fbdd6440d9748f8abb483d3e86",
                "sha256:961d03dc3453ebbc59dbdea9e4e11c5651520a876d0f4db161e8674aae935da9"
            ],
            "markers": "python_version >= '2.7' and python_version not in '3.0, 3.1, 3.2, 3.3'",
            "version": "==2.8.2"
        },
        "python-dotenv": {
            "hashes": [
                "sha256:b7e3b04a59693c42c36f9ab1cc2acc46fa5df8c78e178fc33a8d4cd05c8d498f",
                "sha256:d92a187be61fe482e4fd675b6d52200e7be63a12b724abbf931a40ce4fa92938"
            ],
            "index": "pypi",
            "version": "==0.20.0"
        },
        "pyyaml": {
            "hashes": [
                "sha256:08682f6b72c722394747bddaf0aa62277e02557c0fd1c42cb853016a38f8dedf",
                "sha256:0f5f5786c0e09baddcd8b4b45f20a7b5d61a7e7e99846e3c799b05c7c53fa696",
                "sha256:129def1b7c1bf22faffd67b8f3724645203b79d8f4cc81f674654d9902cb4393",
                "sha256:294db365efa064d00b8d1ef65d8ea2c3426ac366c0c4368d930bf1c5fb497f77",
                "sha256:3b2b1824fe7112845700f815ff6a489360226a5609b96ec2190a45e62a9fc922",
                "sha256:3bd0e463264cf257d1ffd2e40223b197271046d09dadf73a0fe82b9c1fc385a5",
                "sha256:4465124ef1b18d9ace298060f4eccc64b0850899ac4ac53294547536533800c8",
                "sha256:49d4cdd9065b9b6e206d0595fee27a96b5dd22618e7520c33204a4a3239d5b10",
                "sha256:4e0583d24c881e14342eaf4ec5fbc97f934b999a6828693a99157fde912540cc",
                "sha256:5accb17103e43963b80e6f837831f38d314a0495500067cb25afab2e8d7a4018",
                "sha256:607774cbba28732bfa802b54baa7484215f530991055bb562efbed5b2f20a45e",
                "sha256:6c78645d400265a062508ae399b60b8c167bf003db364ecb26dcab2bda048253",
                "sha256:72a01f726a9c7851ca9bfad6fd09ca4e090a023c00945ea05ba1638c09dc3347",
                "sha256:74c1485f7707cf707a7aef42ef6322b8f97921bd89be2ab6317fd782c2d53183",
                "sha256:895f61ef02e8fed38159bb70f7e100e00f471eae2bc838cd0f4ebb21e28f8541",
                "sha256:8c1be557ee92a20f184922c7b6424e8ab6691788e6d86137c5d93c1a6ec1b8fb",
                "sha256:bb4191dfc9306777bc594117aee052446b3fa88737cd13b7188d0e7aa8162185",
                "sha256:bfb51918d4ff3d77c1c856a9699f8492c612cde32fd3bcd344af9be34999bfdc",
                "sha256:c20cfa2d49991c8b4147af39859b167664f2ad4561704ee74c1de03318e898db",
                "sha256:cb333c16912324fd5f769fff6bc5de372e9e7a202247b48870bc251ed40239aa",
                "sha256:d2d9808ea7b4af864f35ea216be506ecec180628aced0704e34aca0b040ffe46",
                "sha256:d483ad4e639292c90170eb6f7783ad19490e7a8defb3e46f97dfe4bacae89122",
                "sha256:dd5de0646207f053eb0d6c74ae45ba98c3395a571a2891858e87df7c9b9bd51b",
                "sha256:e1d4970ea66be07ae37a3c2e48b5ec63f7ba6804bdddfdbd3cfd954d25a82e63",
                "sha256:e4fac90784481d221a8e4b1162afa7c47ed953be40d31ab4629ae917510051df",
                "sha256:fa5ae20527d8e831e8230cbffd9f8fe952815b2b7dae6ffec25318803a7528fc",
                "sha256:fd7f6999a8070df521b6384004ef42833b9bd62cfee11a09bda1079b4b704247",
                "sha256:fdc842473cd33f45ff6bce46aea678a54e3d21f1b61a7750ce3c498eedfe25d6",
                "sha256:fe69978f3f768926cfa37b867e3843918e012cf83f680806599ddce33c2c68b0"
            ],
            "markers": "python_version >= '2.7' and python_version not in '3.0, 3.1, 3.2, 3.3, 3.4, 3.5'",
            "version": "==5.4.1"
        },
        "rsa": {
            "hashes": [
                "sha256:78f9a9bf4e7be0c5ded4583326e7461e3a3c5aae24073648b4bdfa797d78c9d2",
                "sha256:9d689e6ca1b3038bc82bf8d23e944b6b6037bc02301a574935b2dd946e0353b9"
            ],
            "markers": "python_version >= '3.5' and python_version < '4'",
            "version": "==4.7.2"
        },
        "rx": {
            "hashes": [
                "sha256:ca71b65d0fc0603a3b5cfaa9e33f5ba81e4aae10a58491133595088d7734b2da"
            ],
            "version": "==1.6.3"
        },
        "s3transfer": {
            "hashes": [
                "sha256:7a6f4c4d1fdb9a2b640244008e142cbc2cd3ae34b386584ef044dd0f27101971",
                "sha256:95c58c194ce657a5f4fb0b9e60a84968c808888aed628cd98ab8771fe1db98ed"
            ],
            "markers": "python_version >= '3.6'",
            "version": "==0.5.2"
        },
        "singledispatch": {
            "hashes": [
                "sha256:bc77afa97c8a22596d6d4fc20f1b7bdd2b86edc2a65a4262bdd7cc3cc19aa989",
                "sha256:c1a4d5c1da310c3fd8fccfb8d4e1cb7df076148fd5d858a819e37fffe44f3092"
            ],
            "markers": "python_version >= '2.6'",
            "version": "==3.7.0"
        },
        "six": {
            "hashes": [
                "sha256:1e61c37477a1626458e36f7b1d82aa5c9b094fa4802892072e49de9c60c4c926",
                "sha256:8abb2f1d86890a2dfb989f9a77cfcfd3e47c2a354b01111771326f8aa26e0254"
            ],
            "markers": "python_version >= '2.7' and python_version not in '3.0, 3.1, 3.2, 3.3'",
            "version": "==1.16.0"
        },
        "sqlalchemy": {
            "hashes": [
                "sha256:093b3109c2747d5dc0fa4314b1caf4c7ca336d5c8c831e3cfbec06a7e861e1e6",
                "sha256:186cb3bd77abf2ddcf722f755659559bfb157647b3fd3f32ea1c70e8311e8f6b",
                "sha256:1b4eac3933c335d7f375639885765722534bb4e52e51cdc01a667eea822af9b6",
                "sha256:1ff9f84b2098ef1b96255a80981ee10f4b5d49b6cfeeccf9632c2078cd86052e",
                "sha256:28aa2ef06c904729620cc735262192e622db9136c26d8587f71f29ec7715628a",
                "sha256:28b17ebbaee6587013be2f78dc4f6e95115e1ec8dd7647c4e7be048da749e48b",
                "sha256:2c6c411d8c59afba95abccd2b418f30ade674186660a2d310d364843049fb2c1",
                "sha256:2ffc813b01dc6473990f5e575f210ca5ac2f5465ace3908b78ffd6d20058aab5",
                "sha256:48036698f20080462e981b18d77d574631a3d1fc2c33b416c6df299ec1d10b99",
                "sha256:48f0eb5bcc87a9b2a95b345ed18d6400daaa86ca414f6840961ed85c342af8f4",
                "sha256:4ba2c1f368bcf8551cdaa27eac525022471015633d5bdafbc4297e0511f62f51",
                "sha256:53c7469b86a60fe2babca4f70111357e6e3d5150373bc85eb3b914356983e89a",
                "sha256:6204d06bfa85f87625e1831ca663f9dba91ac8aec24b8c65d02fb25cbaf4b4d7",
                "sha256:63c82c9e8ccc2fb4bfd87c24ffbac320f70b7c93b78f206c1f9c441fa3013a5f",
                "sha256:70e571ae9ee0ff36ed37e2b2765445d54981e4d600eccdf6fe3838bc2538d157",
                "sha256:95411abc0e36d18f54fa5e24d42960ea3f144fb16caaa5a8c2e492b5424cc82c",
                "sha256:9837133b89ad017e50a02a3b46419869cf4e9aa02743e911b2a9e25fa6b05403",
                "sha256:9bec63b1e20ef69484f530fb4b4837e050450637ff9acd6dccc7003c5013abf8",
                "sha256:9d8edfb09ed2b865485530c13e269833dab62ab2d582fde21026c9039d4d0e62",
                "sha256:9dac1924611698f8fe5b2e58601156c01da2b6c0758ba519003013a78280cf4d",
                "sha256:9e1a72197529ea00357640f21d92ffc7024e156ef9ac36edf271c8335facbc1a",
                "sha256:9e7094cf04e6042c4210a185fa7b9b8b3b789dd6d1de7b4f19452290838e48bd",
                "sha256:a4efb70a62cbbbc052c67dc66b5448b0053b509732184af3e7859d05fdf6223c",
                "sha256:a5dbdbb39c1b100df4d182c78949158073ca46ba2850c64fe02ffb1eb5b70903",
                "sha256:aeea6ace30603ca9a8869853bb4a04c7446856d7789e36694cd887967b7621f6",
                "sha256:b2489e70bfa2356f2d421106794507daccf6cc8711753c442fc97272437fc606",
                "sha256:babd63fb7cb6b0440abb6d16aca2be63342a6eea3dc7b613bb7a9357dc36920f",
                "sha256:c6fb6b9ed1d0be7fa2c90be8ad2442c14cbf84eb0709dd1afeeff1e511550041",
                "sha256:cfd8e4c64c30a5219032e64404d468c425bdbc13b397da906fc9bee6591fc0dd",
                "sha256:d17316100fcd0b6371ac9211351cb976fd0c2e12a859c1a57965e3ef7f3ed2bc",
                "sha256:d38a49aa75a5759d0d118e26701d70c70a37b896379115f8386e91b0444bfa70",
                "sha256:da25e75ba9f3fabc271673b6b413ca234994e6d3453424bea36bb5549c5bbaec",
                "sha256:e255a8dd5572b0c66d6ee53597d36157ad6cf3bc1114f61c54a65189f996ab03",
                "sha256:e8b09e2d90267717d850f2e2323919ea32004f55c40e5d53b41267e382446044",
                "sha256:ecc81336b46e31ae9c9bdfa220082079914e31a476d088d3337ecf531d861228",
                "sha256:effadcda9a129cc56408dd5b2ea20ee9edcea24bd58e6a1489fa27672d733182"
            ],
            "index": "pypi",
            "version": "==1.4.35"
        },
        "urllib3": {
            "hashes": [
                "sha256:076907bf8fd355cde77728471316625a4d2f7e713c125f51953bb5b3eecf4f72",
                "sha256:75edcdc2f7d85b137124a6c3c9fc3933cdeaa12ecb9a6a959f22797a0feca7e1"
            ],
            "markers": "python_version >= '2.7' and python_version not in '3.0, 3.1, 3.2, 3.3, 3.4, 3.5'",
            "version": "==1.26.14"
        },
        "werkzeug": {
            "hashes": [
                "sha256:2e1ccc9417d4da358b9de6f174e3ac094391ea1d4fbef2d667865d819dfd0afe",
                "sha256:56433961bc1f12533306c624f3be5e744389ac61d722175d543e1751285da612"
            ],
            "index": "pypi",
            "version": "==2.2.3"
        },
        "zipp": {
            "hashes": [
                "sha256:23f70e964bc11a34cef175bc90ba2914e1e4545ea1e3e2f67c079671883f9cb6",
                "sha256:e8b2a36ea17df80ffe9e2c4fda3f693c3dad6df1697d3cd3af232db680950b0b"
            ],
            "markers": "python_version >= '3.7'",
            "version": "==3.13.0"
        }
    },
    "develop": {
        "flake8": {
            "hashes": [
                "sha256:479b1304f72536a55948cb40a32dce8bb0ffe3501e26eaf292c7e60eb5e0428d",
                "sha256:806e034dda44114815e23c16ef92f95c91e4c71100ff52813adf7132a6ad870d"
            ],
            "index": "pypi",
            "version": "==4.0.1"
        },
        "mccabe": {
            "hashes": [
                "sha256:ab8a6258860da4b6677da4bd2fe5dc2c659cff31b3ee4f7f5d64e79735b80d42",
                "sha256:dd8d182285a0fe56bace7f45b5e7d1a6ebcbf524e8f3bd87eb0f125271b8831f"
            ],
            "version": "==0.6.1"
        },
        "pycodestyle": {
            "hashes": [
                "sha256:720f8b39dde8b293825e7ff02c475f3077124006db4f440dcbc9a20b76548a20",
                "sha256:eddd5847ef438ea1c7870ca7eb78a9d47ce0cdb4851a5523949f2601d0cbbe7f"
            ],
            "markers": "python_version >= '2.7' and python_version not in '3.0, 3.1, 3.2, 3.3, 3.4'",
            "version": "==2.8.0"
        },
        "pyflakes": {
            "hashes": [
                "sha256:05a85c2872edf37a4ed30b0cce2f6093e1d0581f8c19d7393122da7e25b2b24c",
                "sha256:3bb3a3f256f4b7968c9c788781e4ff07dce46bdf12339dcda61053375426ee2e"
            ],
            "markers": "python_version >= '2.7' and python_version not in '3.0, 3.1, 3.2, 3.3'",
            "version": "==2.4.0"
        }
    }
}
